<?xml version="1.0" encoding="utf-8"?>
<Project ToolsVersion="4.0" xmlns="http://schemas.microsoft.com/developer/msbuild/2003">
  <ItemGroup>
    <Filter Include="소스 파일">
      <UniqueIdentifier>{4FC737F1-C7A5-4376-A066-2A32D752A2FF}</UniqueIdentifier>
      <Extensions>cpp;c;cc;cxx;def;odl;idl;hpj;bat;asm;asmx</Extensions>
    </Filter>
    <Filter Include="헤더 파일">
      <UniqueIdentifier>{93995380-89BD-4b04-88EB-625FBE52EBFB}</UniqueIdentifier>
      <Extensions>h;hh;hpp;hxx;hm;inl;inc;xsd</Extensions>
    </Filter>
    <Filter Include="리소스 파일">
      <UniqueIdentifier>{67DA6AB6-F800-4c08-8B7A-83BB121AAD01}</UniqueIdentifier>
      <Extensions>rc;ico;cur;bmp;dlg;rc2;rct;bin;rgs;gif;jpg;jpeg;jpe;resx;tiff;tif;png;wav;mfcribbon-ms</Extensions>
    </Filter>
    <Filter Include="Header">
      <UniqueIdentifier>{74eab747-16ab-4068-bec9-030e9f335cee}</UniqueIdentifier>
    </Filter>
    <Filter Include="Utils">
      <UniqueIdentifier>{6c85f08b-f0f2-4e8d-aa19-81ad89b0f368}</UniqueIdentifier>
    </Filter>
    <Filter Include="Object">
      <UniqueIdentifier>{3054a1f9-e13e-46fb-9d64-f25f00e7c089}</UniqueIdentifier>
    </Filter>
    <Filter Include="UI">
      <UniqueIdentifier>{e2a6f871-84d5-451c-8349-ecec8ebf7e5c}</UniqueIdentifier>
    </Filter>
    <Filter Include="Scene">
      <UniqueIdentifier>{e8f0229a-9c16-491c-9f87-df81903cd402}</UniqueIdentifier>
    </Filter>
    <Filter Include="LineMgr">
      <UniqueIdentifier>{ff993f00-c0f1-42f6-84fc-1ba8211d91b2}</UniqueIdentifier>
    </Filter>
    <Filter Include="LineMgr\Line">
      <UniqueIdentifier>{c76388ad-c9b4-4575-8cf0-52f3953c9908}</UniqueIdentifier>
    </Filter>
    <Filter Include="ScrollMgr">
      <UniqueIdentifier>{c95b2bc3-679c-45fa-9e2d-2294c578098d}</UniqueIdentifier>
    </Filter>
    <Filter Include="Object\Bullet">
      <UniqueIdentifier>{9b0edf7e-b9c5-4582-a40e-7c8bca2cf57d}</UniqueIdentifier>
    </Filter>
    <Filter Include="Object\Bullet\Hammer">
      <UniqueIdentifier>{804d15dd-9af6-4618-b29d-1a6accc5f2db}</UniqueIdentifier>
    </Filter>
    <Filter Include="Core">
      <UniqueIdentifier>{29eedca1-47d2-4096-9808-9f4a02c3d81d}</UniqueIdentifier>
    </Filter>
  </ItemGroup>
  <ItemGroup>
    <Text Include="ReadMe.txt" />
  </ItemGroup>
  <ItemGroup>
    <ClInclude Include="targetver.h">
      <Filter>헤더 파일</Filter>
    </ClInclude>
    <ClInclude Include="Resource.h">
      <Filter>헤더 파일</Filter>
    </ClInclude>
    <ClInclude Include="AbstractFactory.h">
      <Filter>Header</Filter>
    </ClInclude>
    <ClInclude Include="Define.h">
      <Filter>Header</Filter>
    </ClInclude>
    <ClInclude Include="Enum.h">
      <Filter>Header</Filter>
    </ClInclude>
    <ClInclude Include="Functor.h">
      <Filter>Header</Filter>
    </ClInclude>
    <ClInclude Include="Include.h">
      <Filter>Header</Filter>
    </ClInclude>
    <ClInclude Include="CollisionMgr.h">
      <Filter>Utils</Filter>
    </ClInclude>
    <ClInclude Include="Struct.h">
      <Filter>Header</Filter>
    </ClInclude>
    <ClInclude Include="Timer.h">
      <Filter>Utils</Filter>
    </ClInclude>
    <ClInclude Include="Obj.h">
      <Filter>Object</Filter>
    </ClInclude>
    <ClInclude Include="Monster.h">
      <Filter>Object</Filter>
    </ClInclude>
    <ClInclude Include="MainGame.h">
      <Filter>Scene</Filter>
    </ClInclude>
    <ClInclude Include="Player.h">
      <Filter>Object</Filter>
    </ClInclude>
    <ClInclude Include="Effect.h">
      <Filter>Object</Filter>
    </ClInclude>
    <ClInclude Include="ObjManager.h">
      <Filter>Object</Filter>
    </ClInclude>
    <ClInclude Include="UIManager.h">
      <Filter>UI</Filter>
    </ClInclude>
    <ClInclude Include="FrontUI.h">
      <Filter>UI</Filter>
    </ClInclude>
    <ClInclude Include="ProgressBar.h">
      <Filter>UI</Filter>
    </ClInclude>
    <ClInclude Include="WeaponBag.h">
      <Filter>UI</Filter>
    </ClInclude>
    <ClInclude Include="Item.h">
      <Filter>Object</Filter>
    </ClInclude>
    <ClInclude Include="KeyMgr.h">
      <Filter>Object</Filter>
    </ClInclude>
    <ClInclude Include="Scene.h">
      <Filter>Scene</Filter>
    </ClInclude>
    <ClInclude Include="TitleScene.h">
      <Filter>Scene</Filter>
    </ClInclude>
    <ClInclude Include="Line.h">
      <Filter>LineMgr\Line</Filter>
    </ClInclude>
    <ClInclude Include="ScrollMgr.h">
      <Filter>ScrollMgr</Filter>
    </ClInclude>
    <ClInclude Include="LinePlat.h">
      <Filter>LineMgr</Filter>
    </ClInclude>
    <ClInclude Include="Bullet.h">
      <Filter>Object\Bullet</Filter>
    </ClInclude>
    <ClInclude Include="Hammer.h">
      <Filter>Object\Bullet\Hammer</Filter>
    </ClInclude>
    <ClInclude Include="BehaviorMonster.h">
      <Filter>Object</Filter>
    </ClInclude>
    <ClInclude Include="BackUI.h">
      <Filter>UI</Filter>
    </ClInclude>
    <ClInclude Include="2nd_Team2.h">
      <Filter>Core</Filter>
    </ClInclude>
    <ClInclude Include="GameClient.h">
      <Filter>Core</Filter>
    </ClInclude>
    <ClInclude Include="stdafx.h">
      <Filter>Header</Filter>
    </ClInclude>
  </ItemGroup>
  <ItemGroup>
    <ClCompile Include="stdafx.cpp">
      <Filter>소스 파일</Filter>
    </ClCompile>
    <ClCompile Include="CollisionMgr.cpp">
      <Filter>Utils</Filter>
    </ClCompile>
    <ClCompile Include="Timer.cpp">
      <Filter>Utils</Filter>
    </ClCompile>
    <ClCompile Include="Obj.cpp">
      <Filter>Object</Filter>
    </ClCompile>
    <ClCompile Include="Monster.cpp">
      <Filter>Object</Filter>
    </ClCompile>
    <ClCompile Include="MainGame.cpp">
      <Filter>Scene</Filter>
    </ClCompile>
    <ClCompile Include="Player.cpp">
      <Filter>Object</Filter>
    </ClCompile>
    <ClCompile Include="Effect.cpp">
      <Filter>Object</Filter>
    </ClCompile>
    <ClCompile Include="ObjManager.cpp">
      <Filter>Object</Filter>
    </ClCompile>
    <ClCompile Include="UIManager.cpp">
      <Filter>UI</Filter>
    </ClCompile>
    <ClCompile Include="FrontUI.cpp">
      <Filter>UI</Filter>
    </ClCompile>
    <ClCompile Include="ProgressBar.cpp">
      <Filter>UI</Filter>
    </ClCompile>
    <ClCompile Include="WeaponBag.cpp">
      <Filter>UI</Filter>
    </ClCompile>
    <ClCompile Include="Item.cpp">
      <Filter>Object</Filter>
    </ClCompile>
    <ClCompile Include="KeyMgr.cpp">
      <Filter>Object</Filter>
    </ClCompile>
    <ClCompile Include="Scene.cpp">
      <Filter>Scene</Filter>
    </ClCompile>
    <ClCompile Include="TitleScene.cpp">
      <Filter>Scene</Filter>
    </ClCompile>
    <ClCompile Include="Line.cpp">
      <Filter>LineMgr\Line</Filter>
    </ClCompile>
    <ClCompile Include="ScrollMgr.cpp">
      <Filter>ScrollMgr</Filter>
    </ClCompile>
    <ClCompile Include="LinePlat.cpp">
      <Filter>LineMgr</Filter>
    </ClCompile>
    <ClCompile Include="Bullet.cpp">
      <Filter>Object\Bullet</Filter>
    </ClCompile>
    <ClCompile Include="Hammer.cpp">
      <Filter>Object\Bullet\Hammer</Filter>
    </ClCompile>
    <ClCompile Include="BehaviorMonster.cpp">
      <Filter>Object</Filter>
    </ClCompile>
    <ClCompile Include="BackUI.cpp">
      <Filter>UI</Filter>
    </ClCompile>
    <ClCompile Include="2nd_Team2.cpp">
      <Filter>Core</Filter>
    </ClCompile>
    <ClCompile Include="GameClient.cpp">
      <Filter>Core</Filter>
    </ClCompile>
  </ItemGroup>
  <ItemGroup>
    <ResourceCompile Include="2nd_Team2.rc">
      <Filter>리소스 파일</Filter>
    </ResourceCompile>
  </ItemGroup>
  <ItemGroup>
    <Image Include="small.ico">
      <Filter>리소스 파일</Filter>
    </Image>
    <Image Include="2nd_Team2.ico">
      <Filter>리소스 파일</Filter>
    </Image>
  </ItemGroup>
</Project>